// !$*UTF8*$!
{
	archiveVersion = 1;
	classes = {
	};
	objectVersion = 48;
	objects = {

/* Begin PBXBuildFile section */
		9BEE4744203C2C0C00B0574A /* AppDelegate.swift in Sources */ = {isa = PBXBuildFile; fileRef = 9BEE4743203C2C0C00B0574A /* AppDelegate.swift */; };
		9BEE4746203C2C0C00B0574A /* ViewController.swift in Sources */ = {isa = PBXBuildFile; fileRef = 9BEE4745203C2C0C00B0574A /* ViewController.swift */; };
		9BEE4749203C2C0C00B0574A /* Main.storyboard in Resources */ = {isa = PBXBuildFile; fileRef = 9BEE4747203C2C0C00B0574A /* Main.storyboard */; };
		9BEE474B203C2C0C00B0574A /* Assets.xcassets in Resources */ = {isa = PBXBuildFile; fileRef = 9BEE474A203C2C0C00B0574A /* Assets.xcassets */; };
		9BEE474E203C2C0C00B0574A /* LaunchScreen.storyboard in Resources */ = {isa = PBXBuildFile; fileRef = 9BEE474C203C2C0C00B0574A /* LaunchScreen.storyboard */; };
		9BEE4759203C2C0C00B0574A /* Design_Day1Tests.swift in Sources */ = {isa = PBXBuildFile; fileRef = 9BEE4758203C2C0C00B0574A /* Design_Day1Tests.swift */; };
		9BEE4764203C2C0D00B0574A /* Design_Day1UITests.swift in Sources */ = {isa = PBXBuildFile; fileRef = 9BEE4763203C2C0D00B0574A /* Design_Day1UITests.swift */; };
/* End PBXBuildFile section */

/* Begin PBXContainerItemProxy section */
		9BEE4755203C2C0C00B0574A /* PBXContainerItemProxy */ = {
			isa = PBXContainerItemProxy;
			containerPortal = 9BEE4738203C2C0C00B0574A /* Project object */;
			proxyType = 1;
			remoteGlobalIDString = 9BEE473F203C2C0C00B0574A;
			remoteInfo = Design_Day1;
		};
		9BEE4760203C2C0D00B0574A /* PBXContainerItemProxy */ = {
			isa = PBXContainerItemProxy;
			containerPortal = 9BEE4738203C2C0C00B0574A /* Project object */;
			proxyType = 1;
			remoteGlobalIDString = 9BEE473F203C2C0C00B0574A;
			remoteInfo = Design_Day1;
		};
/* End PBXContainerItemProxy section */

/* Begin PBXFileReference section */
		9BEE4740203C2C0C00B0574A /* Design_Day1.app */ = {isa = PBXFileReference; explicitFileType = wrapper.application; includeInIndex = 0; path = Design_Day1.app; sourceTree = BUILT_PRODUCTS_DIR; };
		9BEE4743203C2C0C00B0574A /* AppDelegate.swift */ = {isa = PBXFileReference; lastKnownFileType = sourcecode.swift; path = AppDelegate.swift; sourceTree = "<group>"; };
		9BEE4745203C2C0C00B0574A /* ViewController.swift */ = {isa = PBXFileReference; lastKnownFileType = sourcecode.swift; path = ViewController.swift; sourceTree = "<group>"; };
		9BEE4748203C2C0C00B0574A /* Base */ = {isa = PBXFileReference; lastKnownFileType = file.storyboard; name = Base; path = Base.lproj/Main.storyboard; sourceTree = "<group>"; };
		9BEE474A203C2C0C00B0574A /* Assets.xcassets */ = {isa = PBXFileReference; lastKnownFileType = folder.assetcatalog; path = Assets.xcassets; sourceTree = "<group>"; };
		9BEE474D203C2C0C00B0574A /* Base */ = {isa = PBXFileReference; lastKnownFileType = file.storyboard; name = Base; path = Base.lproj/LaunchScreen.storyboard; sourceTree = "<group>"; };
		9BEE474F203C2C0C00B0574A /* Info.plist */ = {isa = PBXFileReference; lastKnownFileType = text.plist.xml; path = Info.plist; sourceTree = "<group>"; };
		9BEE4754203C2C0C00B0574A /* Design_Day1Tests.xctest */ = {isa = PBXFileReference; explicitFileType = wrapper.cfbundle; includeInIndex = 0; path = Design_Day1Tests.xctest; sourceTree = BUILT_PRODUCTS_DIR; };
		9BEE4758203C2C0C00B0574A /* Design_Day1Tests.swift */ = {isa = PBXFileReference; lastKnownFileType = sourcecode.swift; path = Design_Day1Tests.swift; sourceTree = "<group>"; };
		9BEE475A203C2C0C00B0574A /* Info.plist */ = {isa = PBXFileReference; lastKnownFileType = text.plist.xml; path = Info.plist; sourceTree = "<group>"; };
		9BEE475F203C2C0D00B0574A /* Design_Day1UITests.xctest */ = {isa = PBXFileReference; explicitFileType = wrapper.cfbundle; includeInIndex = 0; path = Design_Day1UITests.xctest; sourceTree = BUILT_PRODUCTS_DIR; };
		9BEE4763203C2C0D00B0574A /* Design_Day1UITests.swift */ = {isa = PBXFileReference; lastKnownFileType = sourcecode.swift; path = Design_Day1UITests.swift; sourceTree = "<group>"; };
		9BEE4765203C2C0D00B0574A /* Info.plist */ = {isa = PBXFileReference; lastKnownFileType = text.plist.xml; path = Info.plist; sourceTree = "<group>"; };
/* End PBXFileReference section */

/* Begin PBXFrameworksBuildPhase section */
		9BEE473D203C2C0C00B0574A /* Frameworks */ = {
			isa = PBXFrameworksBuildPhase;
			buildActionMask = 2147483647;
			files = (
			);
			runOnlyForDeploymentPostprocessing = 0;
		};
		9BEE4751203C2C0C00B0574A /* Frameworks */ = {
			isa = PBXFrameworksBuildPhase;
			buildActionMask = 2147483647;
			files = (
			);
			runOnlyForDeploymentPostprocessing = 0;
		};
		9BEE475C203C2C0D00B0574A /* Frameworks */ = {
			isa = PBXFrameworksBuildPhase;
			buildActionMask = 2147483647;
			files = (
			);
			runOnlyForDeploymentPostprocessing = 0;
		};
/* End PBXFrameworksBuildPhase section */

/* Begin PBXGroup section */
		9BEE4737203C2C0C00B0574A = {
			isa = PBXGroup;
			children = (
				9BEE4742203C2C0C00B0574A /* Design_Day1 */,
				9BEE4757203C2C0C00B0574A /* Design_Day1Tests */,
				9BEE4762203C2C0D00B0574A /* Design_Day1UITests */,
				9BEE4741203C2C0C00B0574A /* Products */,
			);
			sourceTree = "<group>";
		};
		9BEE4741203C2C0C00B0574A /* Products */ = {
			isa = PBXGroup;
			children = (
				9BEE4740203C2C0C00B0574A /* Design_Day1.app */,
				9BEE4754203C2C0C00B0574A /* Design_Day1Tests.xctest */,
				9BEE475F203C2C0D00B0574A /* Design_Day1UITests.xctest */,
			);
			name = Products;
			sourceTree = "<group>";
		};
		9BEE4742203C2C0C00B0574A /* Design_Day1 */ = {
			isa = PBXGroup;
			children = (
				9BEE4743203C2C0C00B0574A /* AppDelegate.swift */,
				9BEE4745203C2C0C00B0574A /* ViewController.swift */,
				9BEE4747203C2C0C00B0574A /* Main.storyboard */,
				9BEE474A203C2C0C00B0574A /* Assets.xcassets */,
				9BEE474C203C2C0C00B0574A /* LaunchScreen.storyboard */,
				9BEE474F203C2C0C00B0574A /* Info.plist */,
			);
			path = Design_Day1;
			sourceTree = "<group>";
		};
		9BEE4757203C2C0C00B0574A /* Design_Day1Tests */ = {
			isa = PBXGroup;
			children = (
				9BEE4758203C2C0C00B0574A /* Design_Day1Tests.swift */,
				9BEE475A203C2C0C00B0574A /* Info.plist */,
			);
			path = Design_Day1Tests;
			sourceTree = "<group>";
		};
		9BEE4762203C2C0D00B0574A /* Design_Day1UITests */ = {
			isa = PBXGroup;
			children = (
				9BEE4763203C2C0D00B0574A /* Design_Day1UITests.swift */,
				9BEE4765203C2C0D00B0574A /* Info.plist */,
			);
			path = Design_Day1UITests;
			sourceTree = "<group>";
		};
/* End PBXGroup section */

/* Begin PBXNativeTarget section */
		9BEE473F203C2C0C00B0574A /* Design_Day1 */ = {
			isa = PBXNativeTarget;
			buildConfigurationList = 9BEE4768203C2C0D00B0574A /* Build configuration list for PBXNativeTarget "Design_Day1" */;
			buildPhases = (
				9BEE473C203C2C0C00B0574A /* Sources */,
				9BEE473D203C2C0C00B0574A /* Frameworks */,
				9BEE473E203C2C0C00B0574A /* Resources */,
			);
			buildRules = (
			);
			dependencies = (
			);
			name = Design_Day1;
			productName = Design_Day1;
			productReference = 9BEE4740203C2C0C00B0574A /* Design_Day1.app */;
			productType = "com.apple.product-type.application";
		};
		9BEE4753203C2C0C00B0574A /* Design_Day1Tests */ = {
			isa = PBXNativeTarget;
			buildConfigurationList = 9BEE476B203C2C0D00B0574A /* Build configuration list for PBXNativeTarget "Design_Day1Tests" */;
			buildPhases = (
				9BEE4750203C2C0C00B0574A /* Sources */,
				9BEE4751203C2C0C00B0574A /* Frameworks */,
				9BEE4752203C2C0C00B0574A /* Resources */,
			);
			buildRules = (
			);
			dependencies = (
				9BEE4756203C2C0C00B0574A /* PBXTargetDependency */,
			);
			name = Design_Day1Tests;
			productName = Design_Day1Tests;
			productReference = 9BEE4754203C2C0C00B0574A /* Design_Day1Tests.xctest */;
			productType = "com.apple.product-type.bundle.unit-test";
		};
		9BEE475E203C2C0D00B0574A /* Design_Day1UITests */ = {
			isa = PBXNativeTarget;
			buildConfigurationList = 9BEE476E203C2C0D00B0574A /* Build configuration list for PBXNativeTarget "Design_Day1UITests" */;
			buildPhases = (
				9BEE475B203C2C0D00B0574A /* Sources */,
				9BEE475C203C2C0D00B0574A /* Frameworks */,
				9BEE475D203C2C0D00B0574A /* Resources */,
			);
			buildRules = (
			);
			dependencies = (
				9BEE4761203C2C0D00B0574A /* PBXTargetDependency */,
			);
			name = Design_Day1UITests;
			productName = Design_Day1UITests;
			productReference = 9BEE475F203C2C0D00B0574A /* Design_Day1UITests.xctest */;
			productType = "com.apple.product-type.bundle.ui-testing";
		};
/* End PBXNativeTarget section */

/* Begin PBXProject section */
		9BEE4738203C2C0C00B0574A /* Project object */ = {
			isa = PBXProject;
			attributes = {
				LastSwiftUpdateCheck = 0920;
				LastUpgradeCheck = 0920;
				ORGANIZATIONNAME = MacStudent;
				TargetAttributes = {
					9BEE473F203C2C0C00B0574A = {
						CreatedOnToolsVersion = 9.2;
						ProvisioningStyle = Automatic;
					};
					9BEE4753203C2C0C00B0574A = {
						CreatedOnToolsVersion = 9.2;
						ProvisioningStyle = Automatic;
						TestTargetID = 9BEE473F203C2C0C00B0574A;
					};
					9BEE475E203C2C0D00B0574A = {
						CreatedOnToolsVersion = 9.2;
						ProvisioningStyle = Automatic;
						TestTargetID = 9BEE473F203C2C0C00B0574A;
					};
				};
			};
			buildConfigurationList = 9BEE473B203C2C0C00B0574A /* Build configuration list for PBXProject "Design_Day1" */;
			compatibilityVersion = "Xcode 8.0";
			developmentRegion = en;
			hasScannedForEncodings = 0;
			knownRegions = (
				en,
				Base,
			);
			mainGroup = 9BEE4737203C2C0C00B0574A;
			productRefGroup = 9BEE4741203C2C0C00B0574A /* Products */;
			projectDirPath = "";
			projectRoot = "";
			targets = (
				9BEE473F203C2C0C00B0574A /* Design_Day1 */,
				9BEE4753203C2C0C00B0574A /* Design_Day1Tests */,
				9BEE475E203C2C0D00B0574A /* Design_Day1UITests */,
			);
		};
/* End PBXProject section */

/* Begin PBXResourcesBuildPhase section */
		9BEE473E203C2C0C00B0574A /* Resources */ = {
			isa = PBXResourcesBuildPhase;
			buildActionMask = 2147483647;
			files = (
				9BEE474E203C2C0C00B0574A /* LaunchScreen.storyboard in Resources */,
				9BEE474B203C2C0C00B0574A /* Assets.xcassets in Resources */,
				9BEE4749203C2C0C00B0574A /* Main.storyboard in Resources */,
			);
			runOnlyForDeploymentPostprocessing = 0;
		};
		9BEE4752203C2C0C00B0574A /* Resources */ = {
			isa = PBXResourcesBuildPhase;
			buildActionMask = 2147483647;
			files = (
			);
			runOnlyForDeploymentPostprocessing = 0;
		};
		9BEE475D203C2C0D00B0574A /* Resources */ = {
			isa = PBXResourcesBuildPhase;
			buildActionMask = 2147483647;
			files = (
			);
			runOnlyForDeploymentPostprocessing = 0;
		};
/* End PBXResourcesBuildPhase section */

/* Begin PBXSourcesBuildPhase section */
		9BEE473C203C2C0C00B0574A /* Sources */ = {
			isa = PBXSourcesBuildPhase;
			buildActionMask = 2147483647;
			files = (
				9BEE4746203C2C0C00B0574A /* ViewController.swift in Sources */,
				9BEE4744203C2C0C00B0574A /* AppDelegate.swift in Sources */,
			);
			runOnlyForDeploymentPostprocessing = 0;
		};
		9BEE4750203C2C0C00B0574A /* Sources */ = {
			isa = PBXSourcesBuildPhase;
			buildActionMask = 2147483647;
			files = (
				9BEE4759203C2C0C00B0574A /* Design_Day1Tests.swift in Sources */,
			);
			runOnlyForDeploymentPostprocessing = 0;
		};
		9BEE475B203C2C0D00B0574A /* Sources */ = {
			isa = PBXSourcesBuildPhase;
			buildActionMask = 2147483647;
			files = (
				9BEE4764203C2C0D00B0574A /* Design_Day1UITests.swift in Sources */,
			);
			runOnlyForDeploymentPostprocessing = 0;
		};
/* End PBXSourcesBuildPhase section */

/* Begin PBXTargetDependency section */
		9BEE4756203C2C0C00B0574A /* PBXTargetDependency */ = {
			isa = PBXTargetDependency;
			target = 9BEE473F203C2C0C00B0574A /* Design_Day1 */;
			targetProxy = 9BEE4755203C2C0C00B0574A /* PBXContainerItemProxy */;
		};
		9BEE4761203C2C0D00B0574A /* PBXTargetDependency */ = {
			isa = PBXTargetDependency;
			target = 9BEE473F203C2C0C00B0574A /* Design_Day1 */;
			targetProxy = 9BEE4760203C2C0D00B0574A /* PBXContainerItemProxy */;
		};
/* End PBXTargetDependency section */

/* Begin PBXVariantGroup section */
		9BEE4747203C2C0C00B0574A /* Main.storyboard */ = {
			isa = PBXVariantGroup;
			children = (
				9BEE4748203C2C0C00B0574A /* Base */,
			);
			name = Main.storyboard;
			sourceTree = "<group>";
		};
		9BEE474C203C2C0C00B0574A /* LaunchScreen.storyboard */ = {
			isa = PBXVariantGroup;
			children = (
				9BEE474D203C2C0C00B0574A /* Base */,
			);
			name = LaunchScreen.storyboard;
			sourceTree = "<group>";
		};
/* End PBXVariantGroup section */

/* Begin XCBuildConfiguration section */
		9BEE4766203C2C0D00B0574A /* Debug */ = {
			isa = XCBuildConfiguration;
			buildSettings = {
				ALWAYS_SEARCH_USER_PATHS = NO;
				CLANG_ANALYZER_NONNULL = YES;
				CLANG_ANALYZER_NUMBER_OBJECT_CONVERSION = YES_AGGRESSIVE;
				CLANG_CXX_LANGUAGE_STANDARD = "gnu++14";
				CLANG_CXX_LIBRARY = "libc++";
				CLANG_ENABLE_MODULES = YES;
				CLANG_ENABLE_OBJC_ARC = YES;
				CLANG_WARN_BLOCK_CAPTURE_AUTORELEASING = YES;
				CLANG_WARN_BOOL_CONVERSION = YES;
				CLANG_WARN_COMMA = YES;
				CLANG_WARN_CONSTANT_CONVERSION = YES;
				CLANG_WARN_DIRECT_OBJC_ISA_USAGE = YES_ERROR;
				CLANG_WARN_DOCUMENTATION_COMMENTS = YES;
				CLANG_WARN_EMPTY_BODY = YES;
				CLANG_WARN_ENUM_CONVERSION = YES;
				CLANG_WARN_INFINITE_RECURSION = YES;
				CLANG_WARN_INT_CONVERSION = YES;
				CLANG_WARN_NON_LITERAL_NULL_CONVERSION = YES;
				CLANG_WARN_OBJC_LITERAL_CONVERSION = YES;
				CLANG_WARN_OBJC_ROOT_CLASS = YES_ERROR;
				CLANG_WARN_RANGE_LOOP_ANALYSIS = YES;
				CLANG_WARN_STRICT_PROTOTYPES = YES;
				CLANG_WARN_SUSPICIOUS_MOVE = YES;
				CLANG_WARN_UNGUARDED_AVAILABILITY = YES_AGGRESSIVE;
				CLANG_WARN_UNREACHABLE_CODE = YES;
				CLANG_WARN__DUPLICATE_METHOD_MATCH = YES;
				CODE_SIGN_IDENTITY = "iPhone Developer";
				COPY_PHASE_STRIP = NO;
				DEBUG_INFORMATION_FORMAT = dwarf;
				ENABLE_STRICT_OBJC_MSGSEND = YES;
				ENABLE_TESTABILITY = YES;
				GCC_C_LANGUAGE_STANDARD = gnu11;
				GCC_DYNAMIC_NO_PIC = NO;
				GCC_NO_COMMON_BLOCKS = YES;
				GCC_OPTIMIZATION_LEVEL = 0;
				GCC_PREPROCESSOR_DEFINITIONS = (
					"DEBUG=1",
					"$(inherited)",
				);
				GCC_WARN_64_TO_32_BIT_CONVERSION = YES;
				GCC_WARN_ABOUT_RETURN_TYPE = YES_ERROR;
				GCC_WARN_UNDECLARED_SELECTOR = YES;
				GCC_WARN_UNINITIALIZED_AUTOS = YES_AGGRESSIVE;
				GCC_WARN_UNUSED_FUNCTION = YES;
				GCC_WARN_UNUSED_VARIABLE = YES;
				IPHONEOS_DEPLOYMENT_TARGET = 11.2;
				MTL_ENABLE_DEBUG_INFO = YES;
				ONLY_ACTIVE_ARCH = YES;
				SDKROOT = iphoneos;
				SWIFT_ACTIVE_COMPILATION_CONDITIONS = DEBUG;
				SWIFT_OPTIMIZATION_LEVEL = "-Onone";
			};
			name = Debug;
		};
		9BEE4767203C2C0D00B0574A /* Release */ = {
			isa = XCBuildConfiguration;
			buildSettings = {
				ALWAYS_SEARCH_USER_PATHS = NO;
				CLANG_ANALYZER_NONNULL = YES;
				CLANG_ANALYZER_NUMBER_OBJECT_CONVERSION = YES_AGGRESSIVE;
				CLANG_CXX_LANGUAGE_STANDARD = "gnu++14";
				CLANG_CXX_LIBRARY = "libc++";
				CLANG_ENABLE_MODULES = YES;
				CLANG_ENABLE_OBJC_ARC = YES;
				CLANG_WARN_BLOCK_CAPTURE_AUTORELEASING = YES;
				CLANG_WARN_BOOL_CONVERSION = YES;
				CLANG_WARN_COMMA = YES;
				CLANG_WARN_CONSTANT_CONVERSION = YES;
				CLANG_WARN_DIRECT_OBJC_ISA_USAGE = YES_ERROR;
				CLANG_WARN_DOCUMENTATION_COMMENTS = YES;
				CLANG_WARN_EMPTY_BODY = YES;
				CLANG_WARN_ENUM_CONVERSION = YES;
				CLANG_WARN_INFINITE_RECURSION = YES;
				CLANG_WARN_INT_CONVERSION = YES;
				CLANG_WARN_NON_LITERAL_NULL_CONVERSION = YES;
				CLANG_WARN_OBJC_LITERAL_CONVERSION = YES;
				CLANG_WARN_OBJC_ROOT_CLASS = YES_ERROR;
				CLANG_WARN_RANGE_LOOP_ANALYSIS = YES;
				CLANG_WARN_STRICT_PROTOTYPES = YES;
				CLANG_WARN_SUSPICIOUS_MOVE = YES;
				CLANG_WARN_UNGUARDED_AVAILABILITY = YES_AGGRESSIVE;
				CLANG_WARN_UNREACHABLE_CODE = YES;
				CLANG_WARN__DUPLICATE_METHOD_MATCH = YES;
				CODE_SIGN_IDENTITY = "iPhone Developer";
				COPY_PHASE_STRIP = NO;
				DEBUG_INFORMATION_FORMAT = "dwarf-with-dsym";
				ENABLE_NS_ASSERTIONS = NO;
				ENABLE_STRICT_OBJC_MSGSEND = YES;
				GCC_C_LANGUAGE_STANDARD = gnu11;
				GCC_NO_COMMON_BLOCKS = YES;
				GCC_WARN_64_TO_32_BIT_CONVERSION = YES;
				GCC_WARN_ABOUT_RETURN_TYPE = YES_ERROR;
				GCC_WARN_UNDECLARED_SELECTOR = YES;
				GCC_WARN_UNINITIALIZED_AUTOS = YES_AGGRESSIVE;
				GCC_WARN_UNUSED_FUNCTION = YES;
				GCC_WARN_UNUSED_VARIABLE = YES;
				IPHONEOS_DEPLOYMENT_TARGET = 11.2;
				MTL_ENABLE_DEBUG_INFO = NO;
				SDKROOT = iphoneos;
				SWIFT_OPTIMIZATION_LEVEL = "-Owholemodule";
				VALIDATE_PRODUCT = YES;
			};
			name = Release;
		};
		9BEE4769203C2C0D00B0574A /* Debug */ = {
			isa = XCBuildConfiguration;
			buildSettings = {
				ASSETCATALOG_COMPILER_APPICON_NAME = AppIcon;
				CODE_SIGN_STYLE = Automatic;
				INFOPLIST_FILE = Design_Day1/Info.plist;
				LD_RUNPATH_SEARCH_PATHS = "$(inherited) @executable_path/Frameworks";
				PRODUCT_BUNDLE_IDENTIFIER = "Himauli.Design-Day1";
				PRODUCT_NAME = "$(TARGET_NAME)";
				SWIFT_VERSION = 4.0;
				TARGETED_DEVICE_FAMILY = "1,2";
			};
			name = Debug;
		};
		9BEE476A203C2C0D00B0574A /* Release */ = {
			isa = XCBuildConfiguration;
			buildSettings = {
				ASSETCATALOG_COMPILER_APPICON_NAME = AppIcon;
				CODE_SIGN_STYLE = Automatic;
				INFOPLIST_FILE = Design_Day1/Info.plist;
				LD_RUNPATH_SEARCH_PATHS = "$(inherited) @executable_path/Frameworks";
				PRODUCT_BUNDLE_IDENTIFIER = "Himauli.Design-Day1";
				PRODUCT_NAME = "$(TARGET_NAME)";
				SWIFT_VERSION = 4.0;
				TARGETED_DEVICE_FAMILY = "1,2";
			};
			name = Release;
		};
		9BEE476C203C2C0D00B0574A /* Debug */ = {
			isa = XCBuildConfiguration;
			buildSettings = {
				ALWAYS_EMBED_SWIFT_STANDARD_LIBRARIES = YES;
				BUNDLE_LOADER = "$(TEST_HOST)";
				CODE_SIGN_STYLE = Automatic;
				INFOPLIST_FILE = Design_Day1Tests/Info.plist;
				LD_RUNPATH_SEARCH_PATHS = "$(inherited) @executable_path/Frameworks @loader_path/Frameworks";
				PRODUCT_BUNDLE_IDENTIFIER = "Himauli.Design-Day1Tests";
				PRODUCT_NAME = "$(TARGET_NAME)";
				SWIFT_VERSION = 4.0;
				TARGETED_DEVICE_FAMILY = "1,2";
				TEST_HOST = "$(BUILT_PRODUCTS_DIR)/Design_Day1.app/Design_Day1";
			};
			name = Debug;
		};
		9BEE476D203C2C0D00B0574A /* Release */ = {
			isa = XCBuildConfiguration;
			buildSettings = {
				ALWAYS_EMBED_SWIFT_STANDARD_LIBRARIES = YES;
				BUNDLE_LOADER = "$(TEST_HOST)";
				CODE_SIGN_STYLE = Automatic;
				INFOPLIST_FILE = Design_Day1Tests/Info.plist;
				LD_RUNPATH_SEARCH_PATHS = "$(inherited) @executable_path/Frameworks @loader_path/Frameworks";
				PRODUCT_BUNDLE_IDENTIFIER = "Himauli.Design-Day1Tests";
				PRODUCT_NAME = "$(TARGET_NAME)";
				SWIFT_VERSION = 4.0;
				TARGETED_DEVICE_FAMILY = "1,2";
				TEST_HOST = "$(BUILT_PRODUCTS_DIR)/Design_Day1.app/Design_Day1";
			};
			name = Release;
		};
		9BEE476F203C2C0D00B0574A /* Debug */ = {
			isa = XCBuildConfiguration;
			buildSettings = {
				ALWAYS_EMBED_SWIFT_STANDARD_LIBRARIES = YES;
				CODE_SIGN_STYLE = Automatic;
				INFOPLIST_FILE = Design_Day1UITests/Info.plist;
				LD_RUNPATH_SEARCH_PATHS = "$(inherited) @executable_path/Frameworks @loader_path/Frameworks";
				PRODUCT_BUNDLE_IDENTIFIER = "Himauli.Design-Day1UITests";
				PRODUCT_NAME = "$(TARGET_NAME)";
				SWIFT_VERSION = 4.0;
				TARGETED_DEVICE_FAMILY = "1,2";
				TEST_TARGET_NAME = Design_Day1;
			};
			name = Debug;
		};
		9BEE4770203C2C0D00B0574A /* Release */ = {
			isa = XCBuildConfiguration;
			buildSettings = {
				ALWAYS_EMBED_SWIFT_STANDARD_LIBRARIES = YES;
				CODE_SIGN_STYLE = Automatic;
				INFOPLIST_FILE = Design_Day1UITests/Info.plist;
				LD_RUNPATH_SEARCH_PATHS = "$(inherited) @executable_path/Frameworks @loader_path/Frameworks";
				PRODUCT_BUNDLE_IDENTIFIER = "Himauli.Design-Day1UITests";
				PRODUCT_NAME = "$(TARGET_NAME)";
				SWIFT_VERSION = 4.0;
				TARGETED_DEVICE_FAMILY = "1,2";
				TEST_TARGET_NAME = Design_Day1;
			};
			name = Release;
		};
/* End XCBuildConfiguration section */

/* Begin XCConfigurationList section */
		9BEE473B203C2C0C00B0574A /* Build configuration list for PBXProject "Design_Day1" */ = {
			isa = XCConfigurationList;
			buildConfigurations = (
				9BEE4766203C2C0D00B0574A /* Debug */,
				9BEE4767203C2C0D00B0574A /* Release */,
			);
			defaultConfigurationIsVisible = 0;
			defaultConfigurationName = Release;
		};
		9BEE4768203C2C0D00B0574A /* Build configuration list for PBXNativeTarget "Design_Day1" */ = {
			isa = XCConfigurationList;
			buildConfigurations = (
				9BEE4769203C2C0D00B0574A /* Debug */,
				9BEE476A203C2C0D00B0574A /* Release */,
			);
			defaultConfigurationIsVisible = 0;
			defaultConfigurationName = Release;
		};
		9BEE476B203C2C0D00B0574A /* Build configuration list for PBXNativeTarget "Design_Day1Tests" */ = {
			isa = XCConfigurationList;
			buildConfigurations = (
				9BEE476C203C2C0D00B0574A /* Debug */,
				9BEE476D203C2C0D00B0574A /* Release */,
			);
			defaultConfigurationIsVisible = 0;
			defaultConfigurationName = Release;
		};
		9BEE476E203C2C0D00B0574A /* Build configuration list for PBXNativeTarget "Design_Day1UITests" */ = {
			isa = XCConfigurationList;
			buildConfigurations = (
				9BEE476F203C2C0D00B0574A /* Debug */,
				9BEE4770203C2C0D00B0574A /* Release */,
			);
			defaultConfigurationIsVisible = 0;
			defaultConfigurationName = Release;
		};
/* End XCConfigurationList section */
	};
	rootObject = 9BEE4738203C2C0C00B0574A /* Project object */;
}
